{
  "name": "jsploit",
  "version": "1.0.3",
  "lockfileVersion": 3,
  "requires": true,
  "packages": {
    "": {
      "name": "jsploit",
      "version": "1.0.3",
      "license": "MIT",
      "bin": {
        "jsploit": "bin/jsploit.js"
      },
      "engines": {
        "node": ">=18.0.0"
      }
    }
  }
}
